// !$*UTF8*$!
{
	archiveVersion = 1;
	classes = {
	};
	objectVersion = 50;
	objects = {

/* Begin PBXAggregateTarget section */
		84DFF63E23160ECB00DEDDED /* BDMonitorAggregate */ = {
			isa = PBXAggregateTarget;
			buildConfigurationList = 84DFF64123160ECB00DEDDED /* Build configuration list for PBXAggregateTarget "BDMonitorAggregate" */;
			buildPhases = (
				84DFF64223160EDB00DEDDED /* ShellScript */,
			);
			dependencies = (
			);
			name = BDMonitorAggregate;
			productName = BDMonitorAggregate;
		};
/* End PBXAggregateTarget section */

/* Begin PBXBuildFile section */
		84DFF61623160CE000DEDDED /* BDMonitorSDK.h in Headers */ = {isa = PBXBuildFile; fileRef = 84DFF61423160CE000DEDDED /* BDMonitorSDK.h */; settings = {ATTRIBUTES = (Public, ); }; };
		84DFF64523160F3C00DEDDED /* BDTest.h in Headers */ = {isa = PBXBuildFile; fileRef = 84DFF64323160F3C00DEDDED /* BDTest.h */; settings = {ATTRIBUTES = (Public, ); }; };
		84DFF64623160F3C00DEDDED /* BDTest.m in Sources */ = {isa = PBXBuildFile; fileRef = 84DFF64423160F3C00DEDDED /* BDTest.m */; };
/* End PBXBuildFile section */

/* Begin PBXFileReference section */
		84DFF61123160CE000DEDDED /* BDMonitorSDK.framework */ = {isa = PBXFileReference; explicitFileType = wrapper.framework; includeInIndex = 0; path = BDMonitorSDK.framework; sourceTree = BUILT_PRODUCTS_DIR; };
		84DFF61423160CE000DEDDED /* BDMonitorSDK.h */ = {isa = PBXFileReference; lastKnownFileType = sourcecode.c.h; path = BDMonitorSDK.h; sourceTree = "<group>"; };
		84DFF61523160CE000DEDDED /* Info.plist */ = {isa = PBXFileReference; lastKnownFileType = text.plist.xml; path = Info.plist; sourceTree = "<group>"; };
		84DFF64323160F3C00DEDDED /* BDTest.h */ = {isa = PBXFileReference; lastKnownFileType = sourcecode.c.h; path = BDTest.h; sourceTree = "<group>"; };
		84DFF64423160F3C00DEDDED /* BDTest.m */ = {isa = PBXFileReference; lastKnownFileType = sourcecode.c.objc; path = BDTest.m; sourceTree = "<group>"; };
/* End PBXFileReference section */

/* Begin PBXFrameworksBuildPhase section */
		84DFF60E23160CE000DEDDED /* Frameworks */ = {
			isa = PBXFrameworksBuildPhase;
			buildActionMask = 2147483647;
			files = (
			);
			runOnlyForDeploymentPostprocessing = 0;
		};
/* End PBXFrameworksBuildPhase section */

/* Begin PBXGroup section */
		84DFF60723160CE000DEDDED = {
			isa = PBXGroup;
			children = (
				84DFF61323160CE000DEDDED /* BDMonitorSDK */,
				84DFF61223160CE000DEDDED /* Products */,
			);
			sourceTree = "<group>";
		};
		84DFF61223160CE000DEDDED /* Products */ = {
			isa = PBXGroup;
			children = (
				84DFF61123160CE000DEDDED /* BDMonitorSDK.framework */,
			);
			name = Products;
			sourceTree = "<group>";
		};
		84DFF61323160CE000DEDDED /* BDMonitorSDK */ = {
			isa = PBXGroup;
			children = (
				84DFF61423160CE000DEDDED /* BDMonitorSDK.h */,
				84DFF61523160CE000DEDDED /* Info.plist */,
				84DFF64323160F3C00DEDDED /* BDTest.h */,
				84DFF64423160F3C00DEDDED /* BDTest.m */,
			);
			path = BDMonitorSDK;
			sourceTree = "<group>";
		};
/* End PBXGroup section */

/* Begin PBXHeadersBuildPhase section */
		84DFF60C23160CE000DEDDED /* Headers */ = {
			isa = PBXHeadersBuildPhase;
			buildActionMask = 2147483647;
			files = (
				84DFF64523160F3C00DEDDED /* BDTest.h in Headers */,
				84DFF61623160CE000DEDDED /* BDMonitorSDK.h in Headers */,
			);
			runOnlyForDeploymentPostprocessing = 0;
		};
/* End PBXHeadersBuildPhase section */

/* Begin PBXNativeTarget section */
		84DFF61023160CE000DEDDED /* BDMonitorSDK */ = {
			isa = PBXNativeTarget;
			buildConfigurationList = 84DFF61923160CE000DEDDED /* Build configuration list for PBXNativeTarget "BDMonitorSDK" */;
			buildPhases = (
				84DFF60C23160CE000DEDDED /* Headers */,
				84DFF60D23160CE000DEDDED /* Sources */,
				84DFF60E23160CE000DEDDED /* Frameworks */,
				84DFF60F23160CE000DEDDED /* Resources */,
			);
			buildRules = (
			);
			dependencies = (
			);
			name = BDMonitorSDK;
			productName = BDMonitorSDK;
			productReference = 84DFF61123160CE000DEDDED /* BDMonitorSDK.framework */;
			productType = "com.apple.product-type.framework";
		};
/* End PBXNativeTarget section */

/* Begin PBXProject section */
		84DFF60823160CE000DEDDED /* Project object */ = {
			isa = PBXProject;
			attributes = {
				LastUpgradeCheck = 1020;
				ORGANIZATIONNAME = eric;
				TargetAttributes = {
					84DFF61023160CE000DEDDED = {
						CreatedOnToolsVersion = 10.2.1;
					};
					84DFF63E23160ECB00DEDDED = {
						CreatedOnToolsVersion = 10.2.1;
					};
				};
			};
			buildConfigurationList = 84DFF60B23160CE000DEDDED /* Build configuration list for PBXProject "BDMonitorSDK" */;
			compatibilityVersion = "Xcode 9.3";
			developmentRegion = en;
			hasScannedForEncodings = 0;
			knownRegions = (
				en,
			);
			mainGroup = 84DFF60723160CE000DEDDED;
			productRefGroup = 84DFF61223160CE000DEDDED /* Products */;
			projectDirPath = "";
			projectRoot = "";
			targets = (
				84DFF61023160CE000DEDDED /* BDMonitorSDK */,
				84DFF63E23160ECB00DEDDED /* BDMonitorAggregate */,
			);
		};
/* End PBXProject section */

/* Begin PBXResourcesBuildPhase section */
		84DFF60F23160CE000DEDDED /* Resources */ = {
			isa = PBXResourcesBuildPhase;
			buildActionMask = 2147483647;
			files = (
			);
			runOnlyForDeploymentPostprocessing = 0;
		};
/* End PBXResourcesBuildPhase section */

/* Begin PBXShellScriptBuildPhase section */
		84DFF64223160EDB00DEDDED /* ShellScript */ = {
			isa = PBXShellScriptBuildPhase;
			buildActionMask = 2147483647;
			files = (
			);
			inputFileListPaths = (
			);
			inputPaths = (
			);
			outputFileListPaths = (
			);
			outputPaths = (
			);
			runOnlyForDeploymentPostprocessing = 0;
			shellPath = /bin/sh;
			shellScript = "if [ \"${ACTION}\" = \"build\" ]\nthen\nINSTALL_DIR=${SRCROOT}/Products/${PROJECT_NAME}.framework\n\nDEVICE_DIR=${BUILD_ROOT}/${CONFIGURATION}-iphoneos/${PROJECT_NAME}.framework\n\nSIMULATOR_DIR=${BUILD_ROOT}/${CONFIGURATION}-iphonesimulator/${PROJECT_NAME}.framework\n\n# 如果真机包或模拟包不存在，则退出合并\nif [ ! -d \"${DEVICE_DIR}\" ] || [ ! -d \"${SIMULATOR_DIR}\" ]\nthen\nexit 0\nfi\n\n# 如果合并包已经存在，则替换\nif [ -d \"${INSTALL_DIR}\" ]\nthen\nrm -rf \"${INSTALL_DIR}\"\nfi\n\nmkdir -p \"${INSTALL_DIR}\"\n\ncp -R \"${DEVICE_DIR}/\" \"${INSTALL_DIR}/\"\n\n# 使用lipo命令将其合并成一个通用framework  \n# 最后将生成的通用framework放置在工程根目录下新建的Products目录下  \nlipo -create \"${DEVICE_DIR}/${PROJECT_NAME}\" \"${SIMULATOR_DIR}/${PROJECT_NAME}\" -output \"${INSTALL_DIR}/${PROJECT_NAME}\"\n\n#合并完成后打开目录\nopen \"${SRCROOT}/Products\"\n\nfi\n\n";
		};
/* End PBXShellScriptBuildPhase section */

/* Begin PBXSourcesBuildPhase section */
		84DFF60D23160CE000DEDDED /* Sources */ = {
			isa = PBXSourcesBuildPhase;
			buildActionMask = 2147483647;
			files = (
				84DFF64623160F3C00DEDDED /* BDTest.m in Sources */,
			);
			runOnlyForDeploymentPostprocessing = 0;
		};
/* End PBXSourcesBuildPhase section */

/* Begin XCBuildConfiguration section */
		84DFF61723160CE000DEDDED /* Debug */ = {
			isa = XCBuildConfiguration;
			buildSettings = {
				ALWAYS_SEARCH_USER_PATHS = NO;
				CLANG_ANALYZER_NONNULL = YES;
				CLANG_ANALYZER_NUMBER_OBJECT_CONVERSION = YES_AGGRESSIVE;
				CLANG_CXX_LANGUAGE_STANDARD = "gnu++14";
				CLANG_CXX_LIBRARY = "libc++";
				CLANG_ENABLE_MODULES = YES;
				CLANG_ENABLE_OBJC_ARC = YES;
				CLANG_ENABLE_OBJC_WEAK = YES;
				CLANG_WARN_BLOCK_CAPTURE_AUTORELEASING = YES;
				CLANG_WARN_BOOL_CONVERSION = YES;
				CLANG_WARN_COMMA = YES;
				CLANG_WARN_CONSTANT_CONVERSION = YES;
				CLANG_WARN_DEPRECATED_OBJC_IMPLEMENTATIONS = YES;
				CLANG_WARN_DIRECT_OBJC_ISA_USAGE = YES_ERROR;
				CLANG_WARN_DOCUMENTATION_COMMENTS = YES;
				CLANG_WARN_EMPTY_BODY = YES;
				CLANG_WARN_ENUM_CONVERSION = YES;
				CLANG_WARN_INFINITE_RECURSION = YES;
				CLANG_WARN_INT_CONVERSION = YES;
				CLANG_WARN_NON_LITERAL_NULL_CONVERSION = YES;
				CLANG_WARN_OBJC_IMPLICIT_RETAIN_SELF = YES;
				CLANG_WARN_OBJC_LITERAL_CONVERSION = YES;
				CLANG_WARN_OBJC_ROOT_CLASS = YES_ERROR;
				CLANG_WARN_RANGE_LOOP_ANALYSIS = YES;
				CLANG_WARN_STRICT_PROTOTYPES = YES;
				CLANG_WARN_SUSPICIOUS_MOVE = YES;
				CLANG_WARN_UNGUARDED_AVAILABILITY = YES_AGGRESSIVE;
				CLANG_WARN_UNREACHABLE_CODE = YES;
				CLANG_WARN__DUPLICATE_METHOD_MATCH = YES;
				CODE_SIGN_IDENTITY = "iPhone Developer";
				COPY_PHASE_STRIP = NO;
				CURRENT_PROJECT_VERSION = 1;
				DEBUG_INFORMATION_FORMAT = dwarf;
				ENABLE_STRICT_OBJC_MSGSEND = YES;
				ENABLE_TESTABILITY = YES;
				GCC_C_LANGUAGE_STANDARD = gnu11;
				GCC_DYNAMIC_NO_PIC = NO;
				GCC_NO_COMMON_BLOCKS = YES;
				GCC_OPTIMIZATION_LEVEL = 0;
				GCC_PREPROCESSOR_DEFINITIONS = (
					"DEBUG=1",
					"$(inherited)",
				);
				GCC_WARN_64_TO_32_BIT_CONVERSION = YES;
				GCC_WARN_ABOUT_RETURN_TYPE = YES_ERROR;
				GCC_WARN_UNDECLARED_SELECTOR = YES;
				GCC_WARN_UNINITIALIZED_AUTOS = YES_AGGRESSIVE;
				GCC_WARN_UNUSED_FUNCTION = YES;
				GCC_WARN_UNUSED_VARIABLE = YES;
				IPHONEOS_DEPLOYMENT_TARGET = 12.2;
				MTL_ENABLE_DEBUG_INFO = INCLUDE_SOURCE;
				MTL_FAST_MATH = YES;
				ONLY_ACTIVE_ARCH = YES;
				SDKROOT = iphoneos;
				VERSIONING_SYSTEM = "apple-generic";
				VERSION_INFO_PREFIX = "";
			};
			name = Debug;
		};
		84DFF61823160CE000DEDDED /* Release */ = {
			isa = XCBuildConfiguration;
			buildSettings = {
				ALWAYS_SEARCH_USER_PATHS = NO;
				CLANG_ANALYZER_NONNULL = YES;
				CLANG_ANALYZER_NUMBER_OBJECT_CONVERSION = YES_AGGRESSIVE;
				CLANG_CXX_LANGUAGE_STANDARD = "gnu++14";
				CLANG_CXX_LIBRARY = "libc++";
				CLANG_ENABLE_MODULES = YES;
				CLANG_ENABLE_OBJC_ARC = YES;
				CLANG_ENABLE_OBJC_WEAK = YES;
				CLANG_WARN_BLOCK_CAPTURE_AUTORELEASING = YES;
				CLANG_WARN_BOOL_CONVERSION = YES;
				CLANG_WARN_COMMA = YES;
				CLANG_WARN_CONSTANT_CONVERSION = YES;
				CLANG_WARN_DEPRECATED_OBJC_IMPLEMENTATIONS = YES;
				CLANG_WARN_DIRECT_OBJC_ISA_USAGE = YES_ERROR;
				CLANG_WARN_DOCUMENTATION_COMMENTS = YES;
				CLANG_WARN_EMPTY_BODY = YES;
				CLANG_WARN_ENUM_CONVERSION = YES;
				CLANG_WARN_INFINITE_RECURSION = YES;
				CLANG_WARN_INT_CONVERSION = YES;
				CLANG_WARN_NON_LITERAL_NULL_CONVERSION = YES;
				CLANG_WARN_OBJC_IMPLICIT_RETAIN_SELF = YES;
				CLANG_WARN_OBJC_LITERAL_CONVERSION = YES;
				CLANG_WARN_OBJC_ROOT_CLASS = YES_ERROR;
				CLANG_WARN_RANGE_LOOP_ANALYSIS = YES;
				CLANG_WARN_STRICT_PROTOTYPES = YES;
				CLANG_WARN_SUSPICIOUS_MOVE = YES;
				CLANG_WARN_UNGUARDED_AVAILABILITY = YES_AGGRESSIVE;
				CLANG_WARN_UNREACHABLE_CODE = YES;
				CLANG_WARN__DUPLICATE_METHOD_MATCH = YES;
				CODE_SIGN_IDENTITY = "iPhone Developer";
				COPY_PHASE_STRIP = NO;
				CURRENT_PROJECT_VERSION = 1;
				DEBUG_INFORMATION_FORMAT = "dwarf-with-dsym";
				ENABLE_NS_ASSERTIONS = NO;
				ENABLE_STRICT_OBJC_MSGSEND = YES;
				GCC_C_LANGUAGE_STANDARD = gnu11;
				GCC_NO_COMMON_BLOCKS = YES;
				GCC_WARN_64_TO_32_BIT_CONVERSION = YES;
				GCC_WARN_ABOUT_RETURN_TYPE = YES_ERROR;
				GCC_WARN_UNDECLARED_SELECTOR = YES;
				GCC_WARN_UNINITIALIZED_AUTOS = YES_AGGRESSIVE;
				GCC_WARN_UNUSED_FUNCTION = YES;
				GCC_WARN_UNUSED_VARIABLE = YES;
				IPHONEOS_DEPLOYMENT_TARGET = 12.2;
				MTL_ENABLE_DEBUG_INFO = NO;
				MTL_FAST_MATH = YES;
				SDKROOT = iphoneos;
				VALIDATE_PRODUCT = YES;
				VERSIONING_SYSTEM = "apple-generic";
				VERSION_INFO_PREFIX = "";
			};
			name = Release;
		};
		84DFF61A23160CE000DEDDED /* Debug */ = {
			isa = XCBuildConfiguration;
			buildSettings = {
				CODE_SIGN_IDENTITY = "";
				CODE_SIGN_STYLE = Automatic;
				DEFINES_MODULE = YES;
				DEVELOPMENT_TEAM = HN6Z2U8P4H;
				DYLIB_COMPATIBILITY_VERSION = 1;
				DYLIB_CURRENT_VERSION = 1;
				DYLIB_INSTALL_NAME_BASE = "@rpath";
				INFOPLIST_FILE = BDMonitorSDK/Info.plist;
				INSTALL_PATH = "$(LOCAL_LIBRARY_DIR)/Frameworks";
				IPHONEOS_DEPLOYMENT_TARGET = 9.0;
				LD_RUNPATH_SEARCH_PATHS = (
					"$(inherited)",
					"@executable_path/Frameworks",
					"@loader_path/Frameworks",
				);
				PRODUCT_BUNDLE_IDENTIFIER = com.waterElephant.BDMonitorSDK;
				PRODUCT_NAME = "$(TARGET_NAME:c99extidentifier)";
				SKIP_INSTALL = YES;
				TARGETED_DEVICE_FAMILY = "1,2";
				VALID_ARCHS = "arm64 arm64e armv7s";
			};
			name = Debug;
		};
		84DFF61B23160CE000DEDDED /* Release */ = {
			isa = XCBuildConfiguration;
			buildSettings = {
				CODE_SIGN_IDENTITY = "";
				CODE_SIGN_STYLE = Automatic;
				DEFINES_MODULE = YES;
				DEVELOPMENT_TEAM = HN6Z2U8P4H;
				DYLIB_COMPATIBILITY_VERSION = 1;
				DYLIB_CURRENT_VERSION = 1;
				DYLIB_INSTALL_NAME_BASE = "@rpath";
				INFOPLIST_FILE = BDMonitorSDK/Info.plist;
				INSTALL_PATH = "$(LOCAL_LIBRARY_DIR)/Frameworks";
				IPHONEOS_DEPLOYMENT_TARGET = 9.0;
				LD_RUNPATH_SEARCH_PATHS = (
					"$(inherited)",
					"@executable_path/Frameworks",
					"@loader_path/Frameworks",
				);
				PRODUCT_BUNDLE_IDENTIFIER = com.waterElephant.BDMonitorSDK;
				PRODUCT_NAME = "$(TARGET_NAME:c99extidentifier)";
				SKIP_INSTALL = YES;
				TARGETED_DEVICE_FAMILY = "1,2";
				VALID_ARCHS = "arm64 arm64e armv7s";
			};
			name = Release;
		};
		84DFF63F23160ECB00DEDDED /* Debug */ = {
			isa = XCBuildConfiguration;
			buildSettings = {
				CODE_SIGN_STYLE = Automatic;
				DEVELOPMENT_TEAM = HN6Z2U8P4H;
				PRODUCT_NAME = "$(TARGET_NAME)";
			};
			name = Debug;
		};
		84DFF64023160ECB00DEDDED /* Release */ = {
			isa = XCBuildConfiguration;
			buildSettings = {
				CODE_SIGN_STYLE = Automatic;
				DEVELOPMENT_TEAM = HN6Z2U8P4H;
				PRODUCT_NAME = "$(TARGET_NAME)";
			};
			name = Release;
		};
/* End XCBuildConfiguration section */

/* Begin XCConfigurationList section */
		84DFF60B23160CE000DEDDED /* Build configuration list for PBXProject "BDMonitorSDK" */ = {
			isa = XCConfigurationList;
			buildConfigurations = (
				84DFF61723160CE000DEDDED /* Debug */,
				84DFF61823160CE000DEDDED /* Release */,
			);
			defaultConfigurationIsVisible = 0;
			defaultConfigurationName = Release;
		};
		84DFF61923160CE000DEDDED /* Build configuration list for PBXNativeTarget "BDMonitorSDK" */ = {
			isa = XCConfigurationList;
			buildConfigurations = (
				84DFF61A23160CE000DEDDED /* Debug */,
				84DFF61B23160CE000DEDDED /* Release */,
			);
			defaultConfigurationIsVisible = 0;
			defaultConfigurationName = Release;
		};
		84DFF64123160ECB00DEDDED /* Build configuration list for PBXAggregateTarget "BDMonitorAggregate" */ = {
			isa = XCConfigurationList;
			buildConfigurations = (
				84DFF63F23160ECB00DEDDED /* Debug */,
				84DFF64023160ECB00DEDDED /* Release */,
			);
			defaultConfigurationIsVisible = 0;
			defaultConfigurationName = Release;
		};
/* End XCConfigurationList section */
	};
	rootObject = 84DFF60823160CE000DEDDED /* Project object */;
}
